// !$*UTF8*$!
{
	archiveVersion = 1;
	classes = {
	};
	objectVersion = 50;
	objects = {

/* Begin PBXBuildFile section */
		F648043B2354D85D00F9678B /* AppDelegate.swift in Sources */ = {isa = PBXBuildFile; fileRef = F648043A2354D85D00F9678B /* AppDelegate.swift */; };
		F648043D2354D85D00F9678B /* SceneDelegate.swift in Sources */ = {isa = PBXBuildFile; fileRef = F648043C2354D85D00F9678B /* SceneDelegate.swift */; };
		F64804422354D85D00F9678B /* Main.storyboard in Resources */ = {isa = PBXBuildFile; fileRef = F64804402354D85D00F9678B /* Main.storyboard */; };
		F64804442354D85F00F9678B /* Assets.xcassets in Resources */ = {isa = PBXBuildFile; fileRef = F64804432354D85F00F9678B /* Assets.xcassets */; };
		F64804472354D85F00F9678B /* LaunchScreen.storyboard in Resources */ = {isa = PBXBuildFile; fileRef = F64804452354D85F00F9678B /* LaunchScreen.storyboard */; };
		F648044F2354D8A100F9678B /* RegistrationViewController.swift in Sources */ = {isa = PBXBuildFile; fileRef = F648044E2354D8A100F9678B /* RegistrationViewController.swift */; };
		F64804532354E44F00F9678B /* ContactsViewController.swift in Sources */ = {isa = PBXBuildFile; fileRef = F64804522354E44F00F9678B /* ContactsViewController.swift */; };
		F64804552354E6A900F9678B /* CreateContactViewController.swift in Sources */ = {isa = PBXBuildFile; fileRef = F64804542354E6A900F9678B /* CreateContactViewController.swift */; };
/* End PBXBuildFile section */

/* Begin PBXFileReference section */
		F64804372354D85D00F9678B /* FirebaseApplication.app */ = {isa = PBXFileReference; explicitFileType = wrapper.application; includeInIndex = 0; path = FirebaseApplication.app; sourceTree = BUILT_PRODUCTS_DIR; };
		F648043A2354D85D00F9678B /* AppDelegate.swift */ = {isa = PBXFileReference; lastKnownFileType = sourcecode.swift; path = AppDelegate.swift; sourceTree = "<group>"; };
		F648043C2354D85D00F9678B /* SceneDelegate.swift */ = {isa = PBXFileReference; lastKnownFileType = sourcecode.swift; path = SceneDelegate.swift; sourceTree = "<group>"; };
		F64804412354D85D00F9678B /* Base */ = {isa = PBXFileReference; lastKnownFileType = file.storyboard; name = Base; path = Base.lproj/Main.storyboard; sourceTree = "<group>"; };
		F64804432354D85F00F9678B /* Assets.xcassets */ = {isa = PBXFileReference; lastKnownFileType = folder.assetcatalog; path = Assets.xcassets; sourceTree = "<group>"; };
		F64804462354D85F00F9678B /* Base */ = {isa = PBXFileReference; lastKnownFileType = file.storyboard; name = Base; path = Base.lproj/LaunchScreen.storyboard; sourceTree = "<group>"; };
		F64804482354D85F00F9678B /* Info.plist */ = {isa = PBXFileReference; lastKnownFileType = text.plist.xml; path = Info.plist; sourceTree = "<group>"; };
		F648044E2354D8A100F9678B /* RegistrationViewController.swift */ = {isa = PBXFileReference; lastKnownFileType = sourcecode.swift; path = RegistrationViewController.swift; sourceTree = "<group>"; };
		F64804522354E44F00F9678B /* ContactsViewController.swift */ = {isa = PBXFileReference; lastKnownFileType = sourcecode.swift; path = ContactsViewController.swift; sourceTree = "<group>"; };
		F64804542354E6A900F9678B /* CreateContactViewController.swift */ = {isa = PBXFileReference; lastKnownFileType = sourcecode.swift; path = CreateContactViewController.swift; sourceTree = "<group>"; };
/* End PBXFileReference section */

/* Begin PBXFrameworksBuildPhase section */
		F64804342354D85D00F9678B /* Frameworks */ = {
			isa = PBXFrameworksBuildPhase;
			buildActionMask = 2147483647;
			files = (
			);
			runOnlyForDeploymentPostprocessing = 0;
		};
/* End PBXFrameworksBuildPhase section */

/* Begin PBXGroup section */
		F648042E2354D85D00F9678B = {
			isa = PBXGroup;
			children = (
				F64804392354D85D00F9678B /* FirebaseApplication */,
				F64804382354D85D00F9678B /* Products */,
			);
			sourceTree = "<group>";
		};
		F64804382354D85D00F9678B /* Products */ = {
			isa = PBXGroup;
			children = (
				F64804372354D85D00F9678B /* FirebaseApplication.app */,
			);
			name = Products;
			sourceTree = "<group>";
		};
		F64804392354D85D00F9678B /* FirebaseApplication */ = {
			isa = PBXGroup;
			children = (
				F648043A2354D85D00F9678B /* AppDelegate.swift */,
				F648043C2354D85D00F9678B /* SceneDelegate.swift */,
				F64804402354D85D00F9678B /* Main.storyboard */,
				F64804432354D85F00F9678B /* Assets.xcassets */,
				F64804452354D85F00F9678B /* LaunchScreen.storyboard */,
				F64804482354D85F00F9678B /* Info.plist */,
				F648044E2354D8A100F9678B /* RegistrationViewController.swift */,
				F64804522354E44F00F9678B /* ContactsViewController.swift */,
				F64804542354E6A900F9678B /* CreateContactViewController.swift */,
			);
			path = FirebaseApplication;
			sourceTree = "<group>";
		};
/* End PBXGroup section */

/* Begin PBXNativeTarget section */
		F64804362354D85D00F9678B /* FirebaseApplication */ = {
			isa = PBXNativeTarget;
			buildConfigurationList = F648044B2354D85F00F9678B /* Build configuration list for PBXNativeTarget "FirebaseApplication" */;
			buildPhases = (
				F64804332354D85D00F9678B /* Sources */,
				F64804342354D85D00F9678B /* Frameworks */,
				F64804352354D85D00F9678B /* Resources */,
			);
			buildRules = (
			);
			dependencies = (
			);
			name = FirebaseApplication;
			productName = FirebaseApplication;
			productReference = F64804372354D85D00F9678B /* FirebaseApplication.app */;
			productType = "com.apple.product-type.application";
		};
/* End PBXNativeTarget section */

/* Begin PBXProject section */
		F648042F2354D85D00F9678B /* Project object */ = {
			isa = PBXProject;
			attributes = {
				LastSwiftUpdateCheck = 1110;
				LastUpgradeCheck = 1110;
				ORGANIZATIONNAME = "Роман Важник";
				TargetAttributes = {
					F64804362354D85D00F9678B = {
						CreatedOnToolsVersion = 11.1;
					};
				};
			};
			buildConfigurationList = F64804322354D85D00F9678B /* Build configuration list for PBXProject "FirebaseApplication" */;
			compatibilityVersion = "Xcode 9.3";
			developmentRegion = en;
			hasScannedForEncodings = 0;
			knownRegions = (
				en,
				Base,
			);
			mainGroup = F648042E2354D85D00F9678B;
			productRefGroup = F64804382354D85D00F9678B /* Products */;
			projectDirPath = "";
			projectRoot = "";
			targets = (
				F64804362354D85D00F9678B /* FirebaseApplication */,
			);
		};
/* End PBXProject section */

/* Begin PBXResourcesBuildPhase section */
		F64804352354D85D00F9678B /* Resources */ = {
			isa = PBXResourcesBuildPhase;
			buildActionMask = 2147483647;
			files = (
				F64804472354D85F00F9678B /* LaunchScreen.storyboard in Resources */,
				F64804442354D85F00F9678B /* Assets.xcassets in Resources */,
				F64804422354D85D00F9678B /* Main.storyboard in Resources */,
			);
			runOnlyForDeploymentPostprocessing = 0;
		};
/* End PBXResourcesBuildPhase section */

/* Begin PBXSourcesBuildPhase section */
		F64804332354D85D00F9678B /* Sources */ = {
			isa = PBXSourcesBuildPhase;
			buildActionMask = 2147483647;
			files = (
				F648044F2354D8A100F9678B /* RegistrationViewController.swift in Sources */,
				F64804532354E44F00F9678B /* ContactsViewController.swift in Sources */,
				F64804552354E6A900F9678B /* CreateContactViewController.swift in Sources */,
				F648043B2354D85D00F9678B /* AppDelegate.swift in Sources */,
				F648043D2354D85D00F9678B /* SceneDelegate.swift in Sources */,
			);
			runOnlyForDeploymentPostprocessing = 0;
		};
/* End PBXSourcesBuildPhase section */

/* Begin PBXVariantGroup section */
		F64804402354D85D00F9678B /* Main.storyboard */ = {
			isa = PBXVariantGroup;
			children = (
				F64804412354D85D00F9678B /* Base */,
			);
			name = Main.storyboard;
			sourceTree = "<group>";
		};
		F64804452354D85F00F9678B /* LaunchScreen.storyboard */ = {
			isa = PBXVariantGroup;
			children = (
				F64804462354D85F00F9678B /* Base */,
			);
			name = LaunchScreen.storyboard;
			sourceTree = "<group>";
		};
/* End PBXVariantGroup section */

/* Begin XCBuildConfiguration section */
		F64804492354D85F00F9678B /* Debug */ = {
			isa = XCBuildConfiguration;
			buildSettings = {
				ALWAYS_SEARCH_USER_PATHS = NO;
				CLANG_ANALYZER_NONNULL = YES;
				CLANG_ANALYZER_NUMBER_OBJECT_CONVERSION = YES_AGGRESSIVE;
				CLANG_CXX_LANGUAGE_STANDARD = "gnu++14";
				CLANG_CXX_LIBRARY = "libc++";
				CLANG_ENABLE_MODULES = YES;
				CLANG_ENABLE_OBJC_ARC = YES;
				CLANG_ENABLE_OBJC_WEAK = YES;
				CLANG_WARN_BLOCK_CAPTURE_AUTORELEASING = YES;
				CLANG_WARN_BOOL_CONVERSION = YES;
				CLANG_WARN_COMMA = YES;
				CLANG_WARN_CONSTANT_CONVERSION = YES;
				CLANG_WARN_DEPRECATED_OBJC_IMPLEMENTATIONS = YES;
				CLANG_WARN_DIRECT_OBJC_ISA_USAGE = YES_ERROR;
				CLANG_WARN_DOCUMENTATION_COMMENTS = YES;
				CLANG_WARN_EMPTY_BODY = YES;
				CLANG_WARN_ENUM_CONVERSION = YES;
				CLANG_WARN_INFINITE_RECURSION = YES;
				CLANG_WARN_INT_CONVERSION = YES;
				CLANG_WARN_NON_LITERAL_NULL_CONVERSION = YES;
				CLANG_WARN_OBJC_IMPLICIT_RETAIN_SELF = YES;
				CLANG_WARN_OBJC_LITERAL_CONVERSION = YES;
				CLANG_WARN_OBJC_ROOT_CLASS = YES_ERROR;
				CLANG_WARN_RANGE_LOOP_ANALYSIS = YES;
				CLANG_WARN_STRICT_PROTOTYPES = YES;
				CLANG_WARN_SUSPICIOUS_MOVE = YES;
				CLANG_WARN_UNGUARDED_AVAILABILITY = YES_AGGRESSIVE;
				CLANG_WARN_UNREACHABLE_CODE = YES;
				CLANG_WARN__DUPLICATE_METHOD_MATCH = YES;
				COPY_PHASE_STRIP = NO;
				DEBUG_INFORMATION_FORMAT = dwarf;
				ENABLE_STRICT_OBJC_MSGSEND = YES;
				ENABLE_TESTABILITY = YES;
				GCC_C_LANGUAGE_STANDARD = gnu11;
				GCC_DYNAMIC_NO_PIC = NO;
				GCC_NO_COMMON_BLOCKS = YES;
				GCC_OPTIMIZATION_LEVEL = 0;
				GCC_PREPROCESSOR_DEFINITIONS = (
					"DEBUG=1",
					"$(inherited)",
				);
				GCC_WARN_64_TO_32_BIT_CONVERSION = YES;
				GCC_WARN_ABOUT_RETURN_TYPE = YES_ERROR;
				GCC_WARN_UNDECLARED_SELECTOR = YES;
				GCC_WARN_UNINITIALIZED_AUTOS = YES_AGGRESSIVE;
				GCC_WARN_UNUSED_FUNCTION = YES;
				GCC_WARN_UNUSED_VARIABLE = YES;
				IPHONEOS_DEPLOYMENT_TARGET = 13.1;
				MTL_ENABLE_DEBUG_INFO = INCLUDE_SOURCE;
				MTL_FAST_MATH = YES;
				ONLY_ACTIVE_ARCH = YES;
				SDKROOT = iphoneos;
				SWIFT_ACTIVE_COMPILATION_CONDITIONS = DEBUG;
				SWIFT_OPTIMIZATION_LEVEL = "-Onone";
			};
			name = Debug;
		};
		F648044A2354D85F00F9678B /* Release */ = {
			isa = XCBuildConfiguration;
			buildSettings = {
				ALWAYS_SEARCH_USER_PATHS = NO;
				CLANG_ANALYZER_NONNULL = YES;
				CLANG_ANALYZER_NUMBER_OBJECT_CONVERSION = YES_AGGRESSIVE;
				CLANG_CXX_LANGUAGE_STANDARD = "gnu++14";
				CLANG_CXX_LIBRARY = "libc++";
				CLANG_ENABLE_MODULES = YES;
				CLANG_ENABLE_OBJC_ARC = YES;
				CLANG_ENABLE_OBJC_WEAK = YES;
				CLANG_WARN_BLOCK_CAPTURE_AUTORELEASING = YES;
				CLANG_WARN_BOOL_CONVERSION = YES;
				CLANG_WARN_COMMA = YES;
				CLANG_WARN_CONSTANT_CONVERSION = YES;
				CLANG_WARN_DEPRECATED_OBJC_IMPLEMENTATIONS = YES;
				CLANG_WARN_DIRECT_OBJC_ISA_USAGE = YES_ERROR;
				CLANG_WARN_DOCUMENTATION_COMMENTS = YES;
				CLANG_WARN_EMPTY_BODY = YES;
				CLANG_WARN_ENUM_CONVERSION = YES;
				CLANG_WARN_INFINITE_RECURSION = YES;
				CLANG_WARN_INT_CONVERSION = YES;
				CLANG_WARN_NON_LITERAL_NULL_CONVERSION = YES;
				CLANG_WARN_OBJC_IMPLICIT_RETAIN_SELF = YES;
				CLANG_WARN_OBJC_LITERAL_CONVERSION = YES;
				CLANG_WARN_OBJC_ROOT_CLASS = YES_ERROR;
				CLANG_WARN_RANGE_LOOP_ANALYSIS = YES;
				CLANG_WARN_STRICT_PROTOTYPES = YES;
				CLANG_WARN_SUSPICIOUS_MOVE = YES;
				CLANG_WARN_UNGUARDED_AVAILABILITY = YES_AGGRESSIVE;
				CLANG_WARN_UNREACHABLE_CODE = YES;
				CLANG_WARN__DUPLICATE_METHOD_MATCH = YES;
				COPY_PHASE_STRIP = NO;
				DEBUG_INFORMATION_FORMAT = "dwarf-with-dsym";
				ENABLE_NS_ASSERTIONS = NO;
				ENABLE_STRICT_OBJC_MSGSEND = YES;
				GCC_C_LANGUAGE_STANDARD = gnu11;
				GCC_NO_COMMON_BLOCKS = YES;
				GCC_WARN_64_TO_32_BIT_CONVERSION = YES;
				GCC_WARN_ABOUT_RETURN_TYPE = YES_ERROR;
				GCC_WARN_UNDECLARED_SELECTOR = YES;
				GCC_WARN_UNINITIALIZED_AUTOS = YES_AGGRESSIVE;
				GCC_WARN_UNUSED_FUNCTION = YES;
				GCC_WARN_UNUSED_VARIABLE = YES;
				IPHONEOS_DEPLOYMENT_TARGET = 13.1;
				MTL_ENABLE_DEBUG_INFO = NO;
				MTL_FAST_MATH = YES;
				SDKROOT = iphoneos;
				SWIFT_COMPILATION_MODE = wholemodule;
				SWIFT_OPTIMIZATION_LEVEL = "-O";
				VALIDATE_PRODUCT = YES;
			};
			name = Release;
		};
		F648044C2354D85F00F9678B /* Debug */ = {
			isa = XCBuildConfiguration;
			buildSettings = {
				ASSETCATALOG_COMPILER_APPICON_NAME = AppIcon;
				CODE_SIGN_STYLE = Automatic;
				DEVELOPMENT_TEAM = RYT7ZAW62J;
				INFOPLIST_FILE = FirebaseApplication/Info.plist;
				LD_RUNPATH_SEARCH_PATHS = (
					"$(inherited)",
					"@executable_path/Frameworks",
				);
				PRODUCT_BUNDLE_IDENTIFIER = roman.FirebaseApplication;
				PRODUCT_NAME = "$(TARGET_NAME)";
				SWIFT_VERSION = 5.0;
				TARGETED_DEVICE_FAMILY = "1,2";
			};
			name = Debug;
		};
		F648044D2354D85F00F9678B /* Release */ = {
			isa = XCBuildConfiguration;
			buildSettings = {
				ASSETCATALOG_COMPILER_APPICON_NAME = AppIcon;
				CODE_SIGN_STYLE = Automatic;
				DEVELOPMENT_TEAM = RYT7ZAW62J;
				INFOPLIST_FILE = FirebaseApplication/Info.plist;
				LD_RUNPATH_SEARCH_PATHS = (
					"$(inherited)",
					"@executable_path/Frameworks",
				);
				PRODUCT_BUNDLE_IDENTIFIER = roman.FirebaseApplication;
				PRODUCT_NAME = "$(TARGET_NAME)";
				SWIFT_VERSION = 5.0;
				TARGETED_DEVICE_FAMILY = "1,2";
			};
			name = Release;
		};
/* End XCBuildConfiguration section */

/* Begin XCConfigurationList section */
		F64804322354D85D00F9678B /* Build configuration list for PBXProject "FirebaseApplication" */ = {
			isa = XCConfigurationList;
			buildConfigurations = (
				F64804492354D85F00F9678B /* Debug */,
				F648044A2354D85F00F9678B /* Release */,
			);
			defaultConfigurationIsVisible = 0;
			defaultConfigurationName = Release;
		};
		F648044B2354D85F00F9678B /* Build configuration list for PBXNativeTarget "FirebaseApplication" */ = {
			isa = XCConfigurationList;
			buildConfigurations = (
				F648044C2354D85F00F9678B /* Debug */,
				F648044D2354D85F00F9678B /* Release */,
			);
			defaultConfigurationIsVisible = 0;
			defaultConfigurationName = Release;
		};
/* End XCConfigurationList section */
	};
	rootObject = F648042F2354D85D00F9678B /* Project object */;
}
